<?xml version="1.0" encoding="utf-8"?>
<Project ToolsVersion="4.0" xmlns="http://schemas.microsoft.com/developer/msbuild/2003">
  <ItemGroup>
    <Filter Include="Source Files">
      <UniqueIdentifier>{4FC737F1-C7A5-4376-A066-2A32D752A2FF}</UniqueIdentifier>
      <Extensions>cpp;c;cc;cxx;def;odl;idl;hpj;bat;asm;asmx</Extensions>
    </Filter>
    <Filter Include="Header Files">
      <UniqueIdentifier>{93995380-89BD-4b04-88EB-625FBE52EBFB}</UniqueIdentifier>
      <Extensions>h;hh;hpp;hxx;hm;inl;inc;xsd</Extensions>
    </Filter>
    <Filter Include="Resource Files">
      <UniqueIdentifier>{67DA6AB6-F800-4c08-8B7A-83BB121AAD01}</UniqueIdentifier>
      <Extensions>rc;ico;cur;bmp;dlg;rc2;rct;bin;rgs;gif;jpg;jpeg;jpe;resx;tiff;tif;png;wav;mfcribbon-ms</Extensions>
    </Filter>
  </ItemGroup>
  <ItemGroup>
    <ClCompile Include="NabaLPch.cpp">
      <Filter>Source Files</Filter>
    </ClCompile>
    <ClCompile Include="Parser\ParserPchWrapper.cpp">
      <Filter>Source Files</Filter>
    </ClCompile>
    <ClCompile Include="Ast\Assignment.cpp">
      <Filter>Source Files</Filter>
    </ClCompile>
    <ClCompile Include="Ast\BinaryOperator.cpp">
      <Filter>Source Files</Filter>
    </ClCompile>
    <ClCompile Include="Ast\Block.cpp">
      <Filter>Source Files</Filter>
    </ClCompile>
    <ClCompile Include="Ast\BlockPart.cpp">
      <Filter>Source Files</Filter>
    </ClCompile>
    <ClCompile Include="Ast\Double.cpp">
      <Filter>Source Files</Filter>
    </ClCompile>
    <ClCompile Include="Ast\Expression.cpp">
      <Filter>Source Files</Filter>
    </ClCompile>
    <ClCompile Include="Ast\ExpressionStatement.cpp">
      <Filter>Source Files</Filter>
    </ClCompile>
    <ClCompile Include="Ast\FileScope.cpp">
      <Filter>Source Files</Filter>
    </ClCompile>
    <ClCompile Include="Ast\Function.cpp">
      <Filter>Source Files</Filter>
    </ClCompile>
    <ClCompile Include="Ast\FunctionParameter.cpp">
      <Filter>Source Files</Filter>
    </ClCompile>
    <ClCompile Include="Ast\Identifier.cpp">
      <Filter>Source Files</Filter>
    </ClCompile>
    <ClCompile Include="Ast\Integer32.cpp">
      <Filter>Source Files</Filter>
    </ClCompile>
    <ClCompile Include="Ast\Integer64.cpp">
      <Filter>Source Files</Filter>
    </ClCompile>
    <ClCompile Include="Ast\Literal.cpp">
      <Filter>Source Files</Filter>
    </ClCompile>
    <ClCompile Include="Ast\MethodCall.cpp">
      <Filter>Source Files</Filter>
    </ClCompile>
    <ClCompile Include="Ast\Node.cpp">
      <Filter>Source Files</Filter>
    </ClCompile>
    <ClCompile Include="Ast\Scope.cpp">
      <Filter>Source Files</Filter>
    </ClCompile>
    <ClCompile Include="Ast\Statement.cpp">
      <Filter>Source Files</Filter>
    </ClCompile>
    <ClCompile Include="Ast\Struct.cpp">
      <Filter>Source Files</Filter>
    </ClCompile>
    <ClCompile Include="Ast\StructPart.cpp">
      <Filter>Source Files</Filter>
    </ClCompile>
    <ClCompile Include="Ast\StructVariable.cpp">
      <Filter>Source Files</Filter>
    </ClCompile>
    <ClCompile Include="Ast\VariableDeclaration.cpp">
      <Filter>Source Files</Filter>
    </ClCompile>
    <ClCompile Include="Parser\TokensPchWrapper.cpp">
      <Filter>Source Files</Filter>
    </ClCompile>
    <ClCompile Include="SourceCodeError.cpp">
      <Filter>Source Files</Filter>
    </ClCompile>
    <ClCompile Include="CompileError.cpp">
      <Filter>Source Files</Filter>
    </ClCompile>
    <ClCompile Include="Ast\While.cpp">
      <Filter>Source Files</Filter>
    </ClCompile>
    <ClCompile Include="Ast\For.cpp">
      <Filter>Source Files</Filter>
    </ClCompile>
    <ClCompile Include="Ast\Module.cpp">
      <Filter>Source Files</Filter>
    </ClCompile>
    <ClCompile Include="Ast\ParseModule.cpp">
      <Filter>Source Files</Filter>
    </ClCompile>
    <ClCompile Include="Ast\TranslationUnit.cpp">
      <Filter>Source Files</Filter>
    </ClCompile>
  </ItemGroup>
  <ItemGroup>
    <ClInclude Include="NabaLPch.h">
      <Filter>Header Files</Filter>
    </ClInclude>
    <ClInclude Include="Ast\Assignment.h">
      <Filter>Header Files</Filter>
    </ClInclude>
    <ClInclude Include="Ast\BinaryOperator.h">
      <Filter>Header Files</Filter>
    </ClInclude>
    <ClInclude Include="Ast\Block.h">
      <Filter>Header Files</Filter>
    </ClInclude>
    <ClInclude Include="Ast\BlockPart.h">
      <Filter>Header Files</Filter>
    </ClInclude>
    <ClInclude Include="Ast\Double.h">
      <Filter>Header Files</Filter>
    </ClInclude>
    <ClInclude Include="Ast\Expression.h">
      <Filter>Header Files</Filter>
    </ClInclude>
    <ClInclude Include="Ast\ExpressionStatement.h">
      <Filter>Header Files</Filter>
    </ClInclude>
    <ClInclude Include="Ast\FileScope.h">
      <Filter>Header Files</Filter>
    </ClInclude>
    <ClInclude Include="Ast\Function.h">
      <Filter>Header Files</Filter>
    </ClInclude>
    <ClInclude Include="Ast\FunctionParameter.h">
      <Filter>Header Files</Filter>
    </ClInclude>
    <ClInclude Include="Ast\Identifier.h">
      <Filter>Header Files</Filter>
    </ClInclude>
    <ClInclude Include="Ast\Integer32.h">
      <Filter>Header Files</Filter>
    </ClInclude>
    <ClInclude Include="Ast\Integer64.h">
      <Filter>Header Files</Filter>
    </ClInclude>
    <ClInclude Include="Ast\Literal.h">
      <Filter>Header Files</Filter>
    </ClInclude>
    <ClInclude Include="Ast\MethodCall.h">
      <Filter>Header Files</Filter>
    </ClInclude>
    <ClInclude Include="Ast\Node.h">
      <Filter>Header Files</Filter>
    </ClInclude>
    <ClInclude Include="Ast\Scope.h">
      <Filter>Header Files</Filter>
    </ClInclude>
    <ClInclude Include="Ast\Statement.h">
      <Filter>Header Files</Filter>
    </ClInclude>
    <ClInclude Include="Ast\Struct.h">
      <Filter>Header Files</Filter>
    </ClInclude>
    <ClInclude Include="Ast\StructPart.h">
      <Filter>Header Files</Filter>
    </ClInclude>
    <ClInclude Include="Ast\StructVariable.h">
      <Filter>Header Files</Filter>
    </ClInclude>
    <ClInclude Include="Ast\VariableDeclaration.h">
      <Filter>Header Files</Filter>
    </ClInclude>
    <ClInclude Include="NabalPchHeaders.h">
      <Filter>Header Files</Filter>
    </ClInclude>
    <ClInclude Include="SourceCodeError.h">
      <Filter>Header Files</Filter>
    </ClInclude>
    <ClInclude Include="CompileError.h">
      <Filter>Header Files</Filter>
    </ClInclude>
    <ClInclude Include="Ast\While.h">
      <Filter>Header Files</Filter>
    </ClInclude>
    <ClInclude Include="Ast\For.h">
      <Filter>Header Files</Filter>
    </ClInclude>
    <ClInclude Include="Ast\Module.h">
      <Filter>Header Files</Filter>
    </ClInclude>
    <ClInclude Include="Ast\ParseModule.h">
      <Filter>Header Files</Filter>
    </ClInclude>
    <ClInclude Include="Ast\TranslationUnit.h">
      <Filter>Header Files</Filter>
    </ClInclude>
  </ItemGroup>
  <ItemGroup>
    <CustomBuild Include="Parser\parser.y" />
    <CustomBuild Include="Parser\tokens.l" />
  </ItemGroup>
</Project>